
Microsoft Visual Studio Solution File, Format Version 12.00
# Visual Studio 15
VisualStudioVersion = 15.0.28307.779
MinimumVisualStudioVersion = 10.0.40219.1
Project("{FAE04EC0-301F-11D3-BF4B-00C04F79EFBC}") = "ImageReaderPoC", "ImageReaderPoC\ImageReaderPoC.csproj", "{3D034437-DE79-47EE-8712-764ED112082D}"
EndProject
Global
	GlobalSection(SolutionConfigurationPlatforms) = preSolution
		Debug|Any CPU = Debug|Any CPU
		Release|Any CPU = Release|Any CPU
	EndGlobalSection
	GlobalSection(ProjectConfigurationPlatforms) = postSolution
		{3D034437-DE79-47EE-8712-764ED112082D}.Debug|Any CPU.ActiveCfg = Debug|Any CPU
		{3D034437-DE79-47EE-8712-764ED112082D}.Debug|Any CPU.Build.0 = Debug|Any CPU
		{3D034437-DE79-47EE-8712-764ED112082D}.Release|Any CPU.ActiveCfg = Release|Any CPU
		{3D034437-DE79-47EE-8712-764ED112082D}.Release|Any CPU.Build.0 = Release|Any CPU
	EndGlobalSection
	GlobalSection(SolutionProperties) = preSolution
		HideSolutionNode = FALSE
	EndGlobalSection
	GlobalSection(ExtensibilityGlobals) = postSolution
		SolutionGuid = {7C12FE67-36E4-4510-9117-72116D4D7A3D}
	EndGlobalSection
EndGlobal
